
Microsoft Visual Studio Solution File, Format Version 12.00
# Visual Studio 2015
Project("{FAE04EC0-301F-11D3-BF4B-00C04F79EFBC}") = "First VR Project", "First VR Project.csproj", "{B4E85E25-4587-3D7F-FC52-1210A0A0979A}"
EndProject
Project("{FAE04EC0-301F-11D3-BF4B-00C04F79EFBC}") = "First VR Project.Editor", "First VR Project.Editor.csproj", "{9B1201FF-E70F-AB8A-F640-5C041C0AD1C9}"
EndProject
Global
	GlobalSection(SolutionConfigurationPlatforms) = preSolution
		Debug|Any CPU = Debug|Any CPU
		Release|Any CPU = Release|Any CPU
	EndGlobalSection
	GlobalSection(ProjectConfigurationPlatforms) = postSolution
		{B4E85E25-4587-3D7F-FC52-1210A0A0979A}.Debug|Any CPU.ActiveCfg = Debug|Any CPU
		{B4E85E25-4587-3D7F-FC52-1210A0A0979A}.Debug|Any CPU.Build.0 = Debug|Any CPU
		{B4E85E25-4587-3D7F-FC52-1210A0A0979A}.Release|Any CPU.ActiveCfg = Release|Any CPU
		{B4E85E25-4587-3D7F-FC52-1210A0A0979A}.Release|Any CPU.Build.0 = Release|Any CPU
		{9B1201FF-E70F-AB8A-F640-5C041C0AD1C9}.Debug|Any CPU.ActiveCfg = Debug|Any CPU
		{9B1201FF-E70F-AB8A-F640-5C041C0AD1C9}.Debug|Any CPU.Build.0 = Debug|Any CPU
		{9B1201FF-E70F-AB8A-F640-5C041C0AD1C9}.Release|Any CPU.ActiveCfg = Release|Any CPU
		{9B1201FF-E70F-AB8A-F640-5C041C0AD1C9}.Release|Any CPU.Build.0 = Release|Any CPU
	EndGlobalSection
	GlobalSection(SolutionProperties) = preSolution
		HideSolutionNode = FALSE
	EndGlobalSection
EndGlobal
